
Microsoft Visual Studio Solution File, Format Version 12.00
# Visual Studio Version 17
VisualStudioVersion = 17.0.31903.59
MinimumVisualStudioVersion = 10.0.40219.1
Project("{2150E333-8FDC-42A3-9474-1A3956D46DE8}") = "API", "API", "{D82C56D6-B2CD-F611-9E31-04638F7EC30E}"
EndProject
Project("{FAE04EC0-301F-11D3-BF4B-00C04F79EFBC}") = "minimal-api", "API\minimal-api.csproj", "{A56FDC14-AF1D-4076-9612-10355FE6B5D0}"
EndProject
Project("{FAE04EC0-301F-11D3-BF4B-00C04F79EFBC}") = "Test", "Test\Test.csproj", "{EACB45A7-3DDD-4875-B009-F1FC246E92AD}"
EndProject
Global
	GlobalSection(SolutionConfigurationPlatforms) = preSolution
		Debug|Any CPU = Debug|Any CPU
		Debug|x64 = Debug|x64
		Debug|x86 = Debug|x86
		Release|Any CPU = Release|Any CPU
		Release|x64 = Release|x64
		Release|x86 = Release|x86
	EndGlobalSection
	GlobalSection(ProjectConfigurationPlatforms) = postSolution
		{A56FDC14-AF1D-4076-9612-10355FE6B5D0}.Debug|Any CPU.ActiveCfg = Debug|Any CPU
		{A56FDC14-AF1D-4076-9612-10355FE6B5D0}.Debug|Any CPU.Build.0 = Debug|Any CPU
		{A56FDC14-AF1D-4076-9612-10355FE6B5D0}.Debug|x64.ActiveCfg = Debug|Any CPU
		{A56FDC14-AF1D-4076-9612-10355FE6B5D0}.Debug|x64.Build.0 = Debug|Any CPU
		{A56FDC14-AF1D-4076-9612-10355FE6B5D0}.Debug|x86.ActiveCfg = Debug|Any CPU
		{A56FDC14-AF1D-4076-9612-10355FE6B5D0}.Debug|x86.Build.0 = Debug|Any CPU
		{A56FDC14-AF1D-4076-9612-10355FE6B5D0}.Release|Any CPU.ActiveCfg = Release|Any CPU
		{A56FDC14-AF1D-4076-9612-10355FE6B5D0}.Release|Any CPU.Build.0 = Release|Any CPU
		{A56FDC14-AF1D-4076-9612-10355FE6B5D0}.Release|x64.ActiveCfg = Release|Any CPU
		{A56FDC14-AF1D-4076-9612-10355FE6B5D0}.Release|x64.Build.0 = Release|Any CPU
		{A56FDC14-AF1D-4076-9612-10355FE6B5D0}.Release|x86.ActiveCfg = Release|Any CPU
		{A56FDC14-AF1D-4076-9612-10355FE6B5D0}.Release|x86.Build.0 = Release|Any CPU
		{EACB45A7-3DDD-4875-B009-F1FC246E92AD}.Debug|Any CPU.ActiveCfg = Debug|Any CPU
		{EACB45A7-3DDD-4875-B009-F1FC246E92AD}.Debug|Any CPU.Build.0 = Debug|Any CPU
		{EACB45A7-3DDD-4875-B009-F1FC246E92AD}.Debug|x64.ActiveCfg = Debug|Any CPU
		{EACB45A7-3DDD-4875-B009-F1FC246E92AD}.Debug|x64.Build.0 = Debug|Any CPU
		{EACB45A7-3DDD-4875-B009-F1FC246E92AD}.Debug|x86.ActiveCfg = Debug|Any CPU
		{EACB45A7-3DDD-4875-B009-F1FC246E92AD}.Debug|x86.Build.0 = Debug|Any CPU
		{EACB45A7-3DDD-4875-B009-F1FC246E92AD}.Release|Any CPU.ActiveCfg = Release|Any CPU
		{EACB45A7-3DDD-4875-B009-F1FC246E92AD}.Release|Any CPU.Build.0 = Release|Any CPU
		{EACB45A7-3DDD-4875-B009-F1FC246E92AD}.Release|x64.ActiveCfg = Release|Any CPU
		{EACB45A7-3DDD-4875-B009-F1FC246E92AD}.Release|x64.Build.0 = Release|Any CPU
		{EACB45A7-3DDD-4875-B009-F1FC246E92AD}.Release|x86.ActiveCfg = Release|Any CPU
		{EACB45A7-3DDD-4875-B009-F1FC246E92AD}.Release|x86.Build.0 = Release|Any CPU
	EndGlobalSection
	GlobalSection(SolutionProperties) = preSolution
		HideSolutionNode = FALSE
	EndGlobalSection
	GlobalSection(NestedProjects) = preSolution
		{A56FDC14-AF1D-4076-9612-10355FE6B5D0} = {D82C56D6-B2CD-F611-9E31-04638F7EC30E}
	EndGlobalSection
EndGlobal
